# This file is automatically @generated by Cargo.
# It is not intended for manual editing.
version = 3

[[package]]
name = "html"
version = "0.1.0"
dependencies = [
 "stream",
]

[[package]]
name = "learn-browser-works"
version = "0.1.0"
dependencies = [
 "html",
]

[[package]]
name = "stream"
version = "0.1.0"
