# This file is automatically @generated by Cargo.
# It is not intended for manual editing.
version = 3

[[package]]
name = "css"
version = "0.1.0"

[[package]]
name = "dom"
version = "0.1.0"
dependencies = [
 "tree",
]

[[package]]
name = "html"
version = "0.1.0"
dependencies = [
 "dom",
 "stream",
 "tree",
]

[[package]]
name = "learn-browser-works"
version = "0.1.0"
dependencies = [
 "html",
]

[[package]]
name = "stream"
version = "0.1.0"

[[package]]
name = "tree"
version = "0.1.0"
